// !$*UTF8*$!
{
	archiveVersion = 1;
	classes = {
	};
	objectVersion = 56;
	objects = {

/* Begin PBXBuildFile section */
		B10000000000000000000001 /* ScreenieApp.swift in Sources */ = {isa = PBXBuildFile; fileRef = B10000000000000000000101 /* ScreenieApp.swift */; };
		B10000000000000000000002 /* AppDelegate.swift in Sources */ = {isa = PBXBuildFile; fileRef = B10000000000000000000102 /* AppDelegate.swift */; };
		B10000000000000000000003 /* ScreenieTests.swift in Sources */ = {isa = PBXBuildFile; fileRef = B10000000000000000000103 /* ScreenieTests.swift */; };
		B10000000000000000000004 /* InputState.swift in Sources */ = {isa = PBXBuildFile; fileRef = B10000000000000000000105 /* InputState.swift */; };
		B10000000000000000000005 /* InputStateTests.swift in Sources */ = {isa = PBXBuildFile; fileRef = B10000000000000000000106 /* InputStateTests.swift */; };
		B10000000000000000000006 /* HotkeyListener.swift in Sources */ = {isa = PBXBuildFile; fileRef = B10000000000000000000107 /* HotkeyListener.swift */; };
		B10000000000000000000007 /* StorageManager.swift in Sources */ = {isa = PBXBuildFile; fileRef = B10000000000000000000108 /* StorageManager.swift */; };
		B10000000000000000000008 /* EventLogger.swift in Sources */ = {isa = PBXBuildFile; fileRef = B10000000000000000000109 /* EventLogger.swift */; };
		B10000000000000000000009 /* ScreenRecorder.swift in Sources */ = {isa = PBXBuildFile; fileRef = B1000000000000000000010A /* ScreenRecorder.swift */; };
		B1000000000000000000000A /* RecordingSession.swift in Sources */ = {isa = PBXBuildFile; fileRef = B1000000000000000000010B /* RecordingSession.swift */; };
		B1000000000000000000000B /* ActivityAnalyzer.swift in Sources */ = {isa = PBXBuildFile; fileRef = B1000000000000000000010C /* ActivityAnalyzer.swift */; };
		B1000000000000000000000C /* ActivityAnalyzerTests.swift in Sources */ = {isa = PBXBuildFile; fileRef = B1000000000000000000010D /* ActivityAnalyzerTests.swift */; };
		B1000000000000000000000E /* SpeedMapper.swift in Sources */ = {isa = PBXBuildFile; fileRef = B1000000000000000000010E /* SpeedMapper.swift */; };
		B1000000000000000000000F /* SpeedMapperTests.swift in Sources */ = {isa = PBXBuildFile; fileRef = B1000000000000000000010F /* SpeedMapperTests.swift */; };
		B10000000000000000000110 /* ZoomEngine.swift in Sources */ = {isa = PBXBuildFile; fileRef = B10000000000000000000111 /* ZoomEngine.swift */; };
		B10000000000000000000112 /* ZoomEngineTests.swift in Sources */ = {isa = PBXBuildFile; fileRef = B10000000000000000000113 /* ZoomEngineTests.swift */; };
		B10000000000000000000114 /* Compositor.swift in Sources */ = {isa = PBXBuildFile; fileRef = B10000000000000000000115 /* Compositor.swift */; };
		B10000000000000000000116 /* CompositorTests.swift in Sources */ = {isa = PBXBuildFile; fileRef = B10000000000000000000117 /* CompositorTests.swift */; };
		B10000000000000000000118 /* Settings.swift in Sources */ = {isa = PBXBuildFile; fileRef = B10000000000000000000119 /* Settings.swift */; };
		B1000000000000000000011A /* MenuBarController.swift in Sources */ = {isa = PBXBuildFile; fileRef = B1000000000000000000011B /* MenuBarController.swift */; };
		B1000000000000000000011C /* OnboardingWindow.swift in Sources */ = {isa = PBXBuildFile; fileRef = B1000000000000000000011D /* OnboardingWindow.swift */; };
		B1000000000000000000011E /* RecordingIndicator.swift in Sources */ = {isa = PBXBuildFile; fileRef = B1000000000000000000011F /* RecordingIndicator.swift */; };
		B10000000000000000000120 /* PreviewHUD.swift in Sources */ = {isa = PBXBuildFile; fileRef = B10000000000000000000121 /* PreviewHUD.swift */; };
	B10000000000000000000131 /* MainWindow.swift in Sources */ = {isa = PBXBuildFile; fileRef = B10000000000000000000130 /* MainWindow.swift */; };
	B10000000000000000000141 /* SimpleEditor.swift in Sources */ = {isa = PBXBuildFile; fileRef = B10000000000000000000140 /* SimpleEditor.swift */; };
	B10000000000000000000151 /* FloatingIndicator.swift in Sources */ = {isa = PBXBuildFile; fileRef = B10000000000000000000150 /* FloatingIndicator.swift */; };
	B10000000000000000000153 /* SoundEffects.swift in Sources */ = {isa = PBXBuildFile; fileRef = B10000000000000000000152 /* SoundEffects.swift */; };
	B10000000000000000000161 /* AppIconGenerator.swift in Sources */ = {isa = PBXBuildFile; fileRef = B10000000000000000000160 /* AppIconGenerator.swift */; };
	B10000000000000000000171 /* MicRecorder.swift in Sources */ = {isa = PBXBuildFile; fileRef = B10000000000000000000170 /* MicRecorder.swift */; };
	B10000000000000000000181 /* Screenie.icns in Resources */ = {isa = PBXBuildFile; fileRef = B10000000000000000000180 /* Screenie.icns */; };
/* End PBXBuildFile section */

/* Begin PBXFileReference section */
		B10000000000000000000010 /* Screenie.app */ = {isa = PBXFileReference; explicitFileType = wrapper.application; includeInIndex = 0; path = Screenie.app; sourceTree = BUILT_PRODUCTS_DIR; };
		B10000000000000000000011 /* ScreenieTests.xctest */ = {isa = PBXFileReference; explicitFileType = wrapper.cfbundle; includeInIndex = 0; path = ScreenieTests.xctest; sourceTree = BUILT_PRODUCTS_DIR; };
		B10000000000000000000100 /* Info.plist */ = {isa = PBXFileReference; lastKnownFileType = text.plist.xml; path = Info.plist; sourceTree = "<group>"; };
		B10000000000000000000101 /* ScreenieApp.swift */ = {isa = PBXFileReference; lastKnownFileType = sourcecode.swift; path = ScreenieApp.swift; sourceTree = "<group>"; };
		B10000000000000000000102 /* AppDelegate.swift */ = {isa = PBXFileReference; lastKnownFileType = sourcecode.swift; path = AppDelegate.swift; sourceTree = "<group>"; };
		B10000000000000000000103 /* ScreenieTests.swift */ = {isa = PBXFileReference; lastKnownFileType = sourcecode.swift; path = ScreenieTests.swift; sourceTree = "<group>"; };
		B10000000000000000000104 /* Screenie.entitlements */ = {isa = PBXFileReference; lastKnownFileType = text.plist.entitlements; path = Screenie.entitlements; sourceTree = "<group>"; };
		B10000000000000000000105 /* InputState.swift */ = {isa = PBXFileReference; lastKnownFileType = sourcecode.swift; path = InputState.swift; sourceTree = "<group>"; };
		B10000000000000000000106 /* InputStateTests.swift */ = {isa = PBXFileReference; lastKnownFileType = sourcecode.swift; path = InputStateTests.swift; sourceTree = "<group>"; };
		B10000000000000000000107 /* HotkeyListener.swift */ = {isa = PBXFileReference; lastKnownFileType = sourcecode.swift; path = HotkeyListener.swift; sourceTree = "<group>"; };
		B10000000000000000000108 /* StorageManager.swift */ = {isa = PBXFileReference; lastKnownFileType = sourcecode.swift; path = StorageManager.swift; sourceTree = "<group>"; };
		B10000000000000000000109 /* EventLogger.swift */ = {isa = PBXFileReference; lastKnownFileType = sourcecode.swift; path = EventLogger.swift; sourceTree = "<group>"; };
		B1000000000000000000010A /* ScreenRecorder.swift */ = {isa = PBXFileReference; lastKnownFileType = sourcecode.swift; path = ScreenRecorder.swift; sourceTree = "<group>"; };
		B1000000000000000000010B /* RecordingSession.swift */ = {isa = PBXFileReference; lastKnownFileType = sourcecode.swift; path = RecordingSession.swift; sourceTree = "<group>"; };
		B1000000000000000000010C /* ActivityAnalyzer.swift */ = {isa = PBXFileReference; lastKnownFileType = sourcecode.swift; path = ActivityAnalyzer.swift; sourceTree = "<group>"; };
		B1000000000000000000010D /* ActivityAnalyzerTests.swift */ = {isa = PBXFileReference; lastKnownFileType = sourcecode.swift; path = ActivityAnalyzerTests.swift; sourceTree = "<group>"; };
		B1000000000000000000010E /* SpeedMapper.swift */ = {isa = PBXFileReference; lastKnownFileType = sourcecode.swift; path = SpeedMapper.swift; sourceTree = "<group>"; };
		B1000000000000000000010F /* SpeedMapperTests.swift */ = {isa = PBXFileReference; lastKnownFileType = sourcecode.swift; path = SpeedMapperTests.swift; sourceTree = "<group>"; };
		B10000000000000000000111 /* ZoomEngine.swift */ = {isa = PBXFileReference; lastKnownFileType = sourcecode.swift; path = ZoomEngine.swift; sourceTree = "<group>"; };
		B10000000000000000000113 /* ZoomEngineTests.swift */ = {isa = PBXFileReference; lastKnownFileType = sourcecode.swift; path = ZoomEngineTests.swift; sourceTree = "<group>"; };
		B10000000000000000000115 /* Compositor.swift */ = {isa = PBXFileReference; lastKnownFileType = sourcecode.swift; path = Compositor.swift; sourceTree = "<group>"; };
		B10000000000000000000117 /* CompositorTests.swift */ = {isa = PBXFileReference; lastKnownFileType = sourcecode.swift; path = CompositorTests.swift; sourceTree = "<group>"; };
		B10000000000000000000119 /* Settings.swift */ = {isa = PBXFileReference; lastKnownFileType = sourcecode.swift; path = Settings.swift; sourceTree = "<group>"; };
		B1000000000000000000011B /* MenuBarController.swift */ = {isa = PBXFileReference; lastKnownFileType = sourcecode.swift; path = MenuBarController.swift; sourceTree = "<group>"; };
		B1000000000000000000011D /* OnboardingWindow.swift */ = {isa = PBXFileReference; lastKnownFileType = sourcecode.swift; path = OnboardingWindow.swift; sourceTree = "<group>"; };
		B1000000000000000000011F /* RecordingIndicator.swift */ = {isa = PBXFileReference; lastKnownFileType = sourcecode.swift; path = RecordingIndicator.swift; sourceTree = "<group>"; };
		B10000000000000000000121 /* PreviewHUD.swift */ = {isa = PBXFileReference; lastKnownFileType = sourcecode.swift; path = PreviewHUD.swift; sourceTree = "<group>"; };
			B10000000000000000000130 /* MainWindow.swift */ = {isa = PBXFileReference; lastKnownFileType = sourcecode.swift; path = MainWindow.swift; sourceTree = "<group>"; };
		B10000000000000000000140 /* SimpleEditor.swift */ = {isa = PBXFileReference; lastKnownFileType = sourcecode.swift; path = SimpleEditor.swift; sourceTree = "<group>"; };
	B10000000000000000000150 /* FloatingIndicator.swift */ = {isa = PBXFileReference; lastKnownFileType = sourcecode.swift; path = FloatingIndicator.swift; sourceTree = "<group>"; };
	B10000000000000000000152 /* SoundEffects.swift */ = {isa = PBXFileReference; lastKnownFileType = sourcecode.swift; path = SoundEffects.swift; sourceTree = "<group>"; };
	B10000000000000000000160 /* AppIconGenerator.swift */ = {isa = PBXFileReference; lastKnownFileType = sourcecode.swift; path = AppIconGenerator.swift; sourceTree = "<group>"; };
	B10000000000000000000170 /* MicRecorder.swift */ = {isa = PBXFileReference; lastKnownFileType = sourcecode.swift; path = MicRecorder.swift; sourceTree = "<group>"; };
	B10000000000000000000180 /* Screenie.icns */ = {isa = PBXFileReference; lastKnownFileType = image.icns; path = Screenie.icns; sourceTree = "<group>"; };
/* End PBXFileReference section */

/* Begin PBXFrameworksBuildPhase section */
		B10000000000000000000020 /* Frameworks */ = {
			isa = PBXFrameworksBuildPhase;
			buildActionMask = 2147483647;
			files = (
			);
			runOnlyForDeploymentPostprocessing = 0;
		};
		B10000000000000000000021 /* Frameworks */ = {
			isa = PBXFrameworksBuildPhase;
			buildActionMask = 2147483647;
			files = (
			);
			runOnlyForDeploymentPostprocessing = 0;
		};
/* End PBXFrameworksBuildPhase section */

/* Begin PBXGroup section */
		B10000000000000000000200 /* Root */ = {
			isa = PBXGroup;
			children = (
				B10000000000000000000201 /* Blink */,
				B10000000000000000000203 /* BlinkTests */,
				B10000000000000000000104 /* Screenie.entitlements */,
				B10000000000000000000202 /* Products */,
			);
			sourceTree = "<group>";
		};
		B10000000000000000000201 /* Blink */ = {
			isa = PBXGroup;
			children = (
				B10000000000000000000210 /* App */,
				B10000000000000000000211 /* Input */,
				B10000000000000000000212 /* Capture */,
				B10000000000000000000213 /* Processing */,
				B10000000000000000000214 /* UI */,
				B10000000000000000000215 /* Storage */,
				B10000000000000000000100 /* Info.plist */,
				B10000000000000000000180 /* Screenie.icns */,
			);
			path = Screenie;
			sourceTree = "<group>";
		};
		B10000000000000000000210 /* App */ = {
			isa = PBXGroup;
			children = (
				B10000000000000000000101 /* ScreenieApp.swift */,
				B10000000000000000000102 /* AppDelegate.swift */,
			);
			path = App;
			sourceTree = "<group>";
		};
		B10000000000000000000211 /* Input */ = {
			isa = PBXGroup;
			children = (
				B10000000000000000000105 /* InputState.swift */,
				B10000000000000000000107 /* HotkeyListener.swift */,
			);
			path = Input;
			sourceTree = "<group>";
		};
		B10000000000000000000212 /* Capture */ = {
			isa = PBXGroup;
			children = (
				B10000000000000000000109 /* EventLogger.swift */,
				B1000000000000000000010A /* ScreenRecorder.swift */,
				B1000000000000000000010B /* RecordingSession.swift */,
				B10000000000000000000170 /* MicRecorder.swift */,
			);
			path = Capture;
			sourceTree = "<group>";
		};
		B10000000000000000000213 /* Processing */ = {
			isa = PBXGroup;
			children = (
				B1000000000000000000010C /* ActivityAnalyzer.swift */,
				B1000000000000000000010E /* SpeedMapper.swift */,
				B10000000000000000000111 /* ZoomEngine.swift */,
				B10000000000000000000115 /* Compositor.swift */,
				B10000000000000000000140 /* SimpleEditor.swift */,
			);
			path = Processing;
			sourceTree = "<group>";
		};
		B10000000000000000000214 /* UI */ = {
			isa = PBXGroup;
			children = (
				B1000000000000000000011B /* MenuBarController.swift */,
				B1000000000000000000011D /* OnboardingWindow.swift */,
				B1000000000000000000011F /* RecordingIndicator.swift */,
				B10000000000000000000121 /* PreviewHUD.swift */,
			B10000000000000000000130 /* MainWindow.swift */,
				B10000000000000000000150 /* FloatingIndicator.swift */,
				B10000000000000000000152 /* SoundEffects.swift */,
				B10000000000000000000160 /* AppIconGenerator.swift */,
			);
			path = UI;
			sourceTree = "<group>";
		};
		B10000000000000000000215 /* Storage */ = {
			isa = PBXGroup;
			children = (
				B10000000000000000000108 /* StorageManager.swift */,
				B10000000000000000000119 /* Settings.swift */,
			);
			path = Storage;
			sourceTree = "<group>";
		};
		B10000000000000000000202 /* Products */ = {
			isa = PBXGroup;
			children = (
				B10000000000000000000010 /* Screenie.app */,
				B10000000000000000000011 /* ScreenieTests.xctest */,
			);
			name = Products;
			sourceTree = "<group>";
		};
		B10000000000000000000203 /* BlinkTests */ = {
			isa = PBXGroup;
			children = (
				B10000000000000000000103 /* ScreenieTests.swift */,
				B10000000000000000000106 /* InputStateTests.swift */,
				B1000000000000000000010D /* ActivityAnalyzerTests.swift */,
				B1000000000000000000010F /* SpeedMapperTests.swift */,
				B10000000000000000000113 /* ZoomEngineTests.swift */,
				B10000000000000000000117 /* CompositorTests.swift */,
			);
			path = ScreenieTests;
			sourceTree = "<group>";
		};
/* End PBXGroup section */

/* Begin PBXNativeTarget section */
		B10000000000000000000030 /* Blink */ = {
			isa = PBXNativeTarget;
			buildConfigurationList = B10000000000000000000400 /* Build configuration list for PBXNativeTarget "Screenie" */;
			buildPhases = (
				B10000000000000000000040 /* Sources */,
				B10000000000000000000020 /* Frameworks */,
				B10000000000000000000050 /* Resources */,
			);
			buildRules = (
			);
			dependencies = (
			);
			name = Screenie;
			productName = Screenie;
			productReference = B10000000000000000000010 /* Screenie.app */;
			productType = "com.apple.product-type.application";
		};
		B10000000000000000000031 /* BlinkTests */ = {
			isa = PBXNativeTarget;
			buildConfigurationList = B10000000000000000000401 /* Build configuration list for PBXNativeTarget "ScreenieTests" */;
			buildPhases = (
				B10000000000000000000041 /* Sources */,
				B10000000000000000000021 /* Frameworks */,
			);
			buildRules = (
			);
			dependencies = (
				B10000000000000000000060 /* PBXTargetDependency */,
			);
			name = ScreenieTests;
			productName = ScreenieTests;
			productReference = B10000000000000000000011 /* ScreenieTests.xctest */;
			productType = "com.apple.product-type.bundle.unit-test";
		};
/* End PBXNativeTarget section */

/* Begin PBXProject section */
		B10000000000000000000300 /* Project object */ = {
			isa = PBXProject;
			attributes = {
				BuildIndependentTargetsInParallel = 1;
				LastSwiftUpdateCheck = 1630;
				LastUpgradeCheck = 1630;
				TargetAttributes = {
					B10000000000000000000030 = {
						CreatedOnToolsVersion = 16.3;
					};
					B10000000000000000000031 = {
						CreatedOnToolsVersion = 16.3;
						TestTargetID = B10000000000000000000030;
					};
				};
			};
			buildConfigurationList = B10000000000000000000402 /* Build configuration list for PBXProject "Screenie" */;
			compatibilityVersion = "Xcode 14.0";
			developmentRegion = en;
			hasScannedForEncodings = 0;
			knownRegions = (
				en,
				Base,
			);
			mainGroup = B10000000000000000000200 /* Root */;
			productRefGroup = B10000000000000000000202 /* Products */;
			projectDirPath = "";
			projectRoot = "";
			targets = (
				B10000000000000000000030 /* Blink */,
				B10000000000000000000031 /* BlinkTests */,
			);
		};
/* End PBXProject section */

/* Begin PBXResourcesBuildPhase section */
		B10000000000000000000050 /* Resources */ = {
			isa = PBXResourcesBuildPhase;
			buildActionMask = 2147483647;
			files = (
				B10000000000000000000181 /* Screenie.icns in Resources */,
			);
			runOnlyForDeploymentPostprocessing = 0;
		};
/* End PBXResourcesBuildPhase section */

/* Begin PBXSourcesBuildPhase section */
		B10000000000000000000040 /* Sources */ = {
			isa = PBXSourcesBuildPhase;
			buildActionMask = 2147483647;
			files = (
				B10000000000000000000001 /* ScreenieApp.swift in Sources */,
				B10000000000000000000002 /* AppDelegate.swift in Sources */,
				B10000000000000000000004 /* InputState.swift in Sources */,
				B10000000000000000000006 /* HotkeyListener.swift in Sources */,
				B10000000000000000000007 /* StorageManager.swift in Sources */,
				B10000000000000000000008 /* EventLogger.swift in Sources */,
				B10000000000000000000009 /* ScreenRecorder.swift in Sources */,
				B1000000000000000000000A /* RecordingSession.swift in Sources */,
				B1000000000000000000000B /* ActivityAnalyzer.swift in Sources */,
				B1000000000000000000000E /* SpeedMapper.swift in Sources */,
				B10000000000000000000110 /* ZoomEngine.swift in Sources */,
				B10000000000000000000114 /* Compositor.swift in Sources */,
				B10000000000000000000118 /* Settings.swift in Sources */,
				B1000000000000000000011A /* MenuBarController.swift in Sources */,
				B1000000000000000000011C /* OnboardingWindow.swift in Sources */,
				B1000000000000000000011E /* RecordingIndicator.swift in Sources */,
				B10000000000000000000120 /* PreviewHUD.swift in Sources */,
			B10000000000000000000131 /* MainWindow.swift in Sources */,
			B10000000000000000000141 /* SimpleEditor.swift in Sources */,
			B10000000000000000000151 /* FloatingIndicator.swift in Sources */,
			B10000000000000000000153 /* SoundEffects.swift in Sources */,
		B10000000000000000000161 /* AppIconGenerator.swift in Sources */,
		B10000000000000000000171 /* MicRecorder.swift in Sources */,
			);
			runOnlyForDeploymentPostprocessing = 0;
		};
		B10000000000000000000041 /* Sources */ = {
			isa = PBXSourcesBuildPhase;
			buildActionMask = 2147483647;
			files = (
				B10000000000000000000003 /* ScreenieTests.swift in Sources */,
				B10000000000000000000005 /* InputStateTests.swift in Sources */,
				B1000000000000000000000C /* ActivityAnalyzerTests.swift in Sources */,
				B1000000000000000000000F /* SpeedMapperTests.swift in Sources */,
				B10000000000000000000112 /* ZoomEngineTests.swift in Sources */,
				B10000000000000000000116 /* CompositorTests.swift in Sources */,
			);
			runOnlyForDeploymentPostprocessing = 0;
		};
/* End PBXSourcesBuildPhase section */

/* Begin PBXContainerItemProxy section */
		B10000000000000000000061 /* PBXContainerItemProxy */ = {
			isa = PBXContainerItemProxy;
			containerPortal = B10000000000000000000300 /* Project object */;
			proxyType = 1;
			remoteGlobalIDString = B10000000000000000000030;
			remoteInfo = Blink;
		};
/* End PBXContainerItemProxy section */

/* Begin PBXTargetDependency section */
		B10000000000000000000060 /* PBXTargetDependency */ = {
			isa = PBXTargetDependency;
			target = B10000000000000000000030 /* Blink */;
			targetProxy = B10000000000000000000061 /* PBXContainerItemProxy */;
		};
/* End PBXTargetDependency section */

/* Begin XCBuildConfiguration section */
		B10000000000000000000410 /* Debug */ = {
			isa = XCBuildConfiguration;
			buildSettings = {
				ALWAYS_SEARCH_USER_PATHS = NO;
				ASSETCATALOG_COMPILER_GENERATE_SWIFT_ASSET_SYMBOL_EXTENSIONS = YES;
				CLANG_ANALYZER_NONNULL = YES;
				CLANG_ANALYZER_NUMBER_OBJECT_CONVERSION = YES_AGGRESSIVE;
				CLANG_CXX_LANGUAGE_STANDARD = "gnu++20";
				CLANG_ENABLE_MODULES = YES;
				CLANG_ENABLE_OBJC_ARC = YES;
				CLANG_ENABLE_OBJC_WEAK = YES;
				CLANG_WARN_BLOCK_CAPTURE_AUTORELEASING = YES;
				CLANG_WARN_BOOL_CONVERSION = YES;
				CLANG_WARN_COMMA = YES;
				CLANG_WARN_CONSTANT_CONVERSION = YES;
				CLANG_WARN_DEPRECATED_OBJC_IMPLEMENTATIONS = YES;
				CLANG_WARN_DIRECT_OBJC_ISA_USAGE = YES_ERROR;
				CLANG_WARN_DOCUMENTATION_COMMENTS = YES;
				CLANG_WARN_EMPTY_BODY = YES;
				CLANG_WARN_ENUM_CONVERSION = YES;
				CLANG_WARN_INFINITE_RECURSION = YES;
				CLANG_WARN_INT_CONVERSION = YES;
				CLANG_WARN_NON_LITERAL_NULL_CONVERSION = YES;
				CLANG_WARN_OBJC_IMPLICIT_RETAIN_SELF = YES;
				CLANG_WARN_OBJC_LITERAL_CONVERSION = YES;
				CLANG_WARN_OBJC_ROOT_CLASS = YES_ERROR;
				CLANG_WARN_QUOTED_INCLUDE_IN_FRAMEWORK_HEADER = YES;
				CLANG_WARN_RANGE_LOOP_ANALYSIS = YES;
				CLANG_WARN_STRICT_PROTOTYPES = YES;
				CLANG_WARN_SUSPICIOUS_MOVE = YES;
				CLANG_WARN_UNGUARDED_AVAILABILITY = YES_AGGRESSIVE;
				CLANG_WARN_UNREACHABLE_CODE = YES;
				CLANG_WARN__DUPLICATE_METHOD_MATCH = YES;
				COPY_PHASE_STRIP = NO;
				DEBUG_INFORMATION_FORMAT = dwarf;
				ENABLE_STRICT_OBJC_MSGSEND = YES;
				ENABLE_TESTABILITY = YES;
				ENABLE_USER_SCRIPT_SANDBOXING = YES;
				GCC_C_LANGUAGE_STANDARD = gnu17;
				GCC_DYNAMIC_NO_PIC = NO;
				GCC_NO_COMMON_BLOCKS = YES;
				GCC_OPTIMIZATION_LEVEL = 0;
				GCC_PREPROCESSOR_DEFINITIONS = (
					"DEBUG=1",
					"$(inherited)",
				);
				GCC_WARN_64_TO_32_BIT_CONVERSION = YES;
				GCC_WARN_ABOUT_RETURN_TYPE = YES_ERROR;
				GCC_WARN_UNDECLARED_SELECTOR = YES;
				GCC_WARN_UNINITIALIZED_AUTOS = YES_AGGRESSIVE;
				GCC_WARN_UNUSED_FUNCTION = YES;
				GCC_WARN_UNUSED_VARIABLE = YES;
				LOCALIZATION_PREFERS_STRING_CATALOGS = YES;
				MACOSX_DEPLOYMENT_TARGET = 14.0;
				MTL_ENABLE_DEBUG_INFO = INCLUDE_SOURCE;
				MTL_FAST_MATH = YES;
				ONLY_ACTIVE_ARCH = YES;
				SDKROOT = macosx;
				SWIFT_ACTIVE_COMPILATION_CONDITIONS = "DEBUG $(inherited)";
				SWIFT_OPTIMIZATION_LEVEL = "-Onone";
			};
			name = Debug;
		};
		B10000000000000000000411 /* Release */ = {
			isa = XCBuildConfiguration;
			buildSettings = {
				ALWAYS_SEARCH_USER_PATHS = NO;
				ASSETCATALOG_COMPILER_GENERATE_SWIFT_ASSET_SYMBOL_EXTENSIONS = YES;
				CLANG_ANALYZER_NONNULL = YES;
				CLANG_ANALYZER_NUMBER_OBJECT_CONVERSION = YES_AGGRESSIVE;
				CLANG_CXX_LANGUAGE_STANDARD = "gnu++20";
				CLANG_ENABLE_MODULES = YES;
				CLANG_ENABLE_OBJC_ARC = YES;
				CLANG_ENABLE_OBJC_WEAK = YES;
				CLANG_WARN_BLOCK_CAPTURE_AUTORELEASING = YES;
				CLANG_WARN_BOOL_CONVERSION = YES;
				CLANG_WARN_COMMA = YES;
				CLANG_WARN_CONSTANT_CONVERSION = YES;
				CLANG_WARN_DEPRECATED_OBJC_IMPLEMENTATIONS = YES;
				CLANG_WARN_DIRECT_OBJC_ISA_USAGE = YES_ERROR;
				CLANG_WARN_DOCUMENTATION_COMMENTS = YES;
				CLANG_WARN_EMPTY_BODY = YES;
				CLANG_WARN_ENUM_CONVERSION = YES;
				CLANG_WARN_INFINITE_RECURSION = YES;
				CLANG_WARN_INT_CONVERSION = YES;
				CLANG_WARN_NON_LITERAL_NULL_CONVERSION = YES;
				CLANG_WARN_OBJC_IMPLICIT_RETAIN_SELF = YES;
				CLANG_WARN_OBJC_LITERAL_CONVERSION = YES;
				CLANG_WARN_OBJC_ROOT_CLASS = YES_ERROR;
				CLANG_WARN_QUOTED_INCLUDE_IN_FRAMEWORK_HEADER = YES;
				CLANG_WARN_RANGE_LOOP_ANALYSIS = YES;
				CLANG_WARN_STRICT_PROTOTYPES = YES;
				CLANG_WARN_SUSPICIOUS_MOVE = YES;
				CLANG_WARN_UNGUARDED_AVAILABILITY = YES_AGGRESSIVE;
				CLANG_WARN_UNREACHABLE_CODE = YES;
				CLANG_WARN__DUPLICATE_METHOD_MATCH = YES;
				COPY_PHASE_STRIP = NO;
				DEBUG_INFORMATION_FORMAT = "dwarf-with-dsym";
				ENABLE_NS_ASSERTIONS = NO;
				ENABLE_STRICT_OBJC_MSGSEND = YES;
				ENABLE_USER_SCRIPT_SANDBOXING = YES;
				GCC_C_LANGUAGE_STANDARD = gnu17;
				GCC_NO_COMMON_BLOCKS = YES;
				GCC_WARN_64_TO_32_BIT_CONVERSION = YES;
				GCC_WARN_ABOUT_RETURN_TYPE = YES_ERROR;
				GCC_WARN_UNDECLARED_SELECTOR = YES;
				GCC_WARN_UNINITIALIZED_AUTOS = YES_AGGRESSIVE;
				GCC_WARN_UNUSED_FUNCTION = YES;
				GCC_WARN_UNUSED_VARIABLE = YES;
				LOCALIZATION_PREFERS_STRING_CATALOGS = YES;
				MACOSX_DEPLOYMENT_TARGET = 14.0;
				MTL_FAST_MATH = YES;
				SDKROOT = macosx;
				SWIFT_COMPILATION_MODE = wholemodule;
				SWIFT_OPTIMIZATION_LEVEL = "-O";
			};
			name = Release;
		};
		B10000000000000000000412 /* Debug */ = {
			isa = XCBuildConfiguration;
			buildSettings = {
				ASSETCATALOG_COMPILER_APPICON_NAME = AppIcon;
				ASSETCATALOG_COMPILER_GLOBAL_ACCENT_COLOR_NAME = AccentColor;
				CODE_SIGN_ENTITLEMENTS = Screenie.entitlements;
				CODE_SIGN_STYLE = Automatic;
				COMBINE_HIDPI_IMAGES = YES;
				CURRENT_PROJECT_VERSION = 1;
				DEVELOPMENT_TEAM = JUBFND4JUY;
				ENABLE_HARDENED_RUNTIME = YES;
				GENERATE_INFOPLIST_FILE = NO;
				INFOPLIST_FILE = Screenie/Info.plist;
				LD_RUNPATH_SEARCH_PATHS = (
					"$(inherited)",
					"@executable_path/../Frameworks",
				);
				MARKETING_VERSION = 1.0;
				PRODUCT_BUNDLE_IDENTIFIER = com.blink.app;
				PRODUCT_NAME = "$(TARGET_NAME)";
				SWIFT_EMIT_LOC_STRINGS = YES;
				SWIFT_VERSION = 5.0;
				MACOSX_DEPLOYMENT_TARGET = 14.0;
			};
			name = Debug;
		};
		B10000000000000000000413 /* Release */ = {
			isa = XCBuildConfiguration;
			buildSettings = {
				ASSETCATALOG_COMPILER_APPICON_NAME = AppIcon;
				ASSETCATALOG_COMPILER_GLOBAL_ACCENT_COLOR_NAME = AccentColor;
				CODE_SIGN_ENTITLEMENTS = Screenie.entitlements;
				CODE_SIGN_STYLE = Automatic;
				COMBINE_HIDPI_IMAGES = YES;
				CURRENT_PROJECT_VERSION = 1;
				DEVELOPMENT_TEAM = JUBFND4JUY;
				ENABLE_HARDENED_RUNTIME = YES;
				GENERATE_INFOPLIST_FILE = NO;
				INFOPLIST_FILE = Screenie/Info.plist;
				LD_RUNPATH_SEARCH_PATHS = (
					"$(inherited)",
					"@executable_path/../Frameworks",
				);
				MARKETING_VERSION = 1.0;
				PRODUCT_BUNDLE_IDENTIFIER = com.blink.app;
				PRODUCT_NAME = "$(TARGET_NAME)";
				SWIFT_EMIT_LOC_STRINGS = YES;
				SWIFT_VERSION = 5.0;
				MACOSX_DEPLOYMENT_TARGET = 14.0;
			};
			name = Release;
		};
		B10000000000000000000414 /* Debug */ = {
			isa = XCBuildConfiguration;
			buildSettings = {
				BUNDLE_LOADER = "$(TEST_HOST)";
				CODE_SIGN_STYLE = Automatic;
				CURRENT_PROJECT_VERSION = 1;
				DEVELOPMENT_TEAM = JUBFND4JUY;
				GENERATE_INFOPLIST_FILE = YES;
				MACOSX_DEPLOYMENT_TARGET = 14.0;
				MARKETING_VERSION = 1.0;
				PRODUCT_BUNDLE_IDENTIFIER = com.blink.app.BlinkTests;
				PRODUCT_NAME = "$(TARGET_NAME)";
				SWIFT_EMIT_LOC_STRINGS = NO;
				SWIFT_VERSION = 5.0;
				TEST_HOST = "$(BUILT_PRODUCTS_DIR)/Screenie.app/Contents/MacOS/Blink";
			};
			name = Debug;
		};
		B10000000000000000000415 /* Release */ = {
			isa = XCBuildConfiguration;
			buildSettings = {
				BUNDLE_LOADER = "$(TEST_HOST)";
				CODE_SIGN_STYLE = Automatic;
				CURRENT_PROJECT_VERSION = 1;
				DEVELOPMENT_TEAM = JUBFND4JUY;
				GENERATE_INFOPLIST_FILE = YES;
				MACOSX_DEPLOYMENT_TARGET = 14.0;
				MARKETING_VERSION = 1.0;
				PRODUCT_BUNDLE_IDENTIFIER = com.blink.app.BlinkTests;
				PRODUCT_NAME = "$(TARGET_NAME)";
				SWIFT_EMIT_LOC_STRINGS = NO;
				SWIFT_VERSION = 5.0;
				TEST_HOST = "$(BUILT_PRODUCTS_DIR)/Screenie.app/Contents/MacOS/Blink";
			};
			name = Release;
		};
/* End XCBuildConfiguration section */

/* Begin XCConfigurationList section */
		B10000000000000000000400 /* Build configuration list for PBXNativeTarget "Screenie" */ = {
			isa = XCConfigurationList;
			buildConfigurations = (
				B10000000000000000000412 /* Debug */,
				B10000000000000000000413 /* Release */,
			);
			defaultConfigurationIsVisible = 0;
			defaultConfigurationName = Release;
		};
		B10000000000000000000401 /* Build configuration list for PBXNativeTarget "ScreenieTests" */ = {
			isa = XCConfigurationList;
			buildConfigurations = (
				B10000000000000000000414 /* Debug */,
				B10000000000000000000415 /* Release */,
			);
			defaultConfigurationIsVisible = 0;
			defaultConfigurationName = Release;
		};
		B10000000000000000000402 /* Build configuration list for PBXProject "Screenie" */ = {
			isa = XCConfigurationList;
			buildConfigurations = (
				B10000000000000000000410 /* Debug */,
				B10000000000000000000411 /* Release */,
			);
			defaultConfigurationIsVisible = 0;
			defaultConfigurationName = Release;
		};
/* End XCConfigurationList section */

	};
	rootObject = B10000000000000000000300 /* Project object */;
}
